
Microsoft Visual Studio Solution File, Format Version 12.00
# Visual Studio 2013
VisualStudioVersion = 12.0.31101.0
MinimumVisualStudioVersion = 10.0.40219.1
Project("{FAE04EC0-301F-11D3-BF4B-00C04F79EFBC}") = "Norma.Core", "src\NORMA.Core\Norma.Core.csproj", "{D107583D-BFCC-4753-95B5-7102374BE975}"
EndProject
Project("{FAE04EC0-301F-11D3-BF4B-00C04F79EFBC}") = "Norma.EF", "src\NORMA.EF\Norma.EF.csproj", "{59EF0FE8-59DC-49E2-93B9-FEFC2719E5BE}"
EndProject
Project("{FAE04EC0-301F-11D3-BF4B-00C04F79EFBC}") = "Norma.SqlServer", "src\NORMA.SqlServer\Norma.SqlServer.csproj", "{9D0BA560-A403-4F8B-9264-62BD1FB2E1E8}"
EndProject
Project("{2150E333-8FDC-42A3-9474-1A3956D46DE8}") = "tests", "tests", "{A49A9E69-516E-4E4D-B4DD-EA964E27B4D8}"
EndProject
Project("{FAE04EC0-301F-11D3-BF4B-00C04F79EFBC}") = "Norma.Core.Tests", "tests\Norma.Core.Tests\Norma.Core.Tests.csproj", "{09AB9835-A3EC-47B1-BB89-105777AB4F58}"
EndProject
Project("{FAE04EC0-301F-11D3-BF4B-00C04F79EFBC}") = "Norma.SqlServer.Tests", "tests\Norma.SqlServer.Tests\Norma.SqlServer.Tests.csproj", "{249B86EF-5DB0-4FEC-93DB-A728E4EF577A}"
EndProject
Global
	GlobalSection(SolutionConfigurationPlatforms) = preSolution
		Debug|Any CPU = Debug|Any CPU
		Debug|ARM = Debug|ARM
		Debug|x64 = Debug|x64
		Debug|x86 = Debug|x86
		Release|Any CPU = Release|Any CPU
		Release|ARM = Release|ARM
		Release|x64 = Release|x64
		Release|x86 = Release|x86
	EndGlobalSection
	GlobalSection(ProjectConfigurationPlatforms) = postSolution
		{D107583D-BFCC-4753-95B5-7102374BE975}.Debug|Any CPU.ActiveCfg = Debug|Any CPU
		{D107583D-BFCC-4753-95B5-7102374BE975}.Debug|Any CPU.Build.0 = Debug|Any CPU
		{D107583D-BFCC-4753-95B5-7102374BE975}.Debug|ARM.ActiveCfg = Debug|Any CPU
		{D107583D-BFCC-4753-95B5-7102374BE975}.Debug|x64.ActiveCfg = Debug|Any CPU
		{D107583D-BFCC-4753-95B5-7102374BE975}.Debug|x86.ActiveCfg = Debug|Any CPU
		{D107583D-BFCC-4753-95B5-7102374BE975}.Release|Any CPU.ActiveCfg = Release|Any CPU
		{D107583D-BFCC-4753-95B5-7102374BE975}.Release|Any CPU.Build.0 = Release|Any CPU
		{D107583D-BFCC-4753-95B5-7102374BE975}.Release|ARM.ActiveCfg = Release|Any CPU
		{D107583D-BFCC-4753-95B5-7102374BE975}.Release|x64.ActiveCfg = Release|Any CPU
		{D107583D-BFCC-4753-95B5-7102374BE975}.Release|x86.ActiveCfg = Release|Any CPU
		{59EF0FE8-59DC-49E2-93B9-FEFC2719E5BE}.Debug|Any CPU.ActiveCfg = Debug|Any CPU
		{59EF0FE8-59DC-49E2-93B9-FEFC2719E5BE}.Debug|Any CPU.Build.0 = Debug|Any CPU
		{59EF0FE8-59DC-49E2-93B9-FEFC2719E5BE}.Debug|ARM.ActiveCfg = Debug|Any CPU
		{59EF0FE8-59DC-49E2-93B9-FEFC2719E5BE}.Debug|x64.ActiveCfg = Debug|Any CPU
		{59EF0FE8-59DC-49E2-93B9-FEFC2719E5BE}.Debug|x86.ActiveCfg = Debug|Any CPU
		{59EF0FE8-59DC-49E2-93B9-FEFC2719E5BE}.Release|Any CPU.ActiveCfg = Release|Any CPU
		{59EF0FE8-59DC-49E2-93B9-FEFC2719E5BE}.Release|Any CPU.Build.0 = Release|Any CPU
		{59EF0FE8-59DC-49E2-93B9-FEFC2719E5BE}.Release|ARM.ActiveCfg = Release|Any CPU
		{59EF0FE8-59DC-49E2-93B9-FEFC2719E5BE}.Release|x64.ActiveCfg = Release|Any CPU
		{59EF0FE8-59DC-49E2-93B9-FEFC2719E5BE}.Release|x86.ActiveCfg = Release|Any CPU
		{9D0BA560-A403-4F8B-9264-62BD1FB2E1E8}.Debug|Any CPU.ActiveCfg = Debug|Any CPU
		{9D0BA560-A403-4F8B-9264-62BD1FB2E1E8}.Debug|Any CPU.Build.0 = Debug|Any CPU
		{9D0BA560-A403-4F8B-9264-62BD1FB2E1E8}.Debug|ARM.ActiveCfg = Debug|Any CPU
		{9D0BA560-A403-4F8B-9264-62BD1FB2E1E8}.Debug|x64.ActiveCfg = Debug|Any CPU
		{9D0BA560-A403-4F8B-9264-62BD1FB2E1E8}.Debug|x86.ActiveCfg = Debug|Any CPU
		{9D0BA560-A403-4F8B-9264-62BD1FB2E1E8}.Release|Any CPU.ActiveCfg = Release|Any CPU
		{9D0BA560-A403-4F8B-9264-62BD1FB2E1E8}.Release|Any CPU.Build.0 = Release|Any CPU
		{9D0BA560-A403-4F8B-9264-62BD1FB2E1E8}.Release|ARM.ActiveCfg = Release|Any CPU
		{9D0BA560-A403-4F8B-9264-62BD1FB2E1E8}.Release|x64.ActiveCfg = Release|Any CPU
		{9D0BA560-A403-4F8B-9264-62BD1FB2E1E8}.Release|x86.ActiveCfg = Release|Any CPU
		{09AB9835-A3EC-47B1-BB89-105777AB4F58}.Debug|Any CPU.ActiveCfg = Debug|Any CPU
		{09AB9835-A3EC-47B1-BB89-105777AB4F58}.Debug|Any CPU.Build.0 = Debug|Any CPU
		{09AB9835-A3EC-47B1-BB89-105777AB4F58}.Debug|ARM.ActiveCfg = Debug|Any CPU
		{09AB9835-A3EC-47B1-BB89-105777AB4F58}.Debug|x64.ActiveCfg = Debug|Any CPU
		{09AB9835-A3EC-47B1-BB89-105777AB4F58}.Debug|x86.ActiveCfg = Debug|Any CPU
		{09AB9835-A3EC-47B1-BB89-105777AB4F58}.Release|Any CPU.ActiveCfg = Release|Any CPU
		{09AB9835-A3EC-47B1-BB89-105777AB4F58}.Release|Any CPU.Build.0 = Release|Any CPU
		{09AB9835-A3EC-47B1-BB89-105777AB4F58}.Release|ARM.ActiveCfg = Release|Any CPU
		{09AB9835-A3EC-47B1-BB89-105777AB4F58}.Release|x64.ActiveCfg = Release|Any CPU
		{09AB9835-A3EC-47B1-BB89-105777AB4F58}.Release|x86.ActiveCfg = Release|Any CPU
		{249B86EF-5DB0-4FEC-93DB-A728E4EF577A}.Debug|Any CPU.ActiveCfg = Debug|Any CPU
		{249B86EF-5DB0-4FEC-93DB-A728E4EF577A}.Debug|Any CPU.Build.0 = Debug|Any CPU
		{249B86EF-5DB0-4FEC-93DB-A728E4EF577A}.Debug|ARM.ActiveCfg = Debug|Any CPU
		{249B86EF-5DB0-4FEC-93DB-A728E4EF577A}.Debug|x64.ActiveCfg = Debug|Any CPU
		{249B86EF-5DB0-4FEC-93DB-A728E4EF577A}.Debug|x86.ActiveCfg = Debug|Any CPU
		{249B86EF-5DB0-4FEC-93DB-A728E4EF577A}.Release|Any CPU.ActiveCfg = Release|Any CPU
		{249B86EF-5DB0-4FEC-93DB-A728E4EF577A}.Release|Any CPU.Build.0 = Release|Any CPU
		{249B86EF-5DB0-4FEC-93DB-A728E4EF577A}.Release|ARM.ActiveCfg = Release|Any CPU
		{249B86EF-5DB0-4FEC-93DB-A728E4EF577A}.Release|x64.ActiveCfg = Release|Any CPU
		{249B86EF-5DB0-4FEC-93DB-A728E4EF577A}.Release|x86.ActiveCfg = Release|Any CPU
	EndGlobalSection
	GlobalSection(SolutionProperties) = preSolution
		HideSolutionNode = FALSE
	EndGlobalSection
	GlobalSection(NestedProjects) = preSolution
		{09AB9835-A3EC-47B1-BB89-105777AB4F58} = {A49A9E69-516E-4E4D-B4DD-EA964E27B4D8}
		{249B86EF-5DB0-4FEC-93DB-A728E4EF577A} = {A49A9E69-516E-4E4D-B4DD-EA964E27B4D8}
	EndGlobalSection
EndGlobal
